// !$*UTF8*$!
{
	archiveVersion = 1;
	classes = {
	};
	objectVersion = 50;
	objects = {

/* Begin PBXBuildFile section */
		BB698C4121F11A7900AF6468 /* AppDelegate.swift in Sources */ = {isa = PBXBuildFile; fileRef = BB698C4021F11A7900AF6468 /* AppDelegate.swift */; };
		BB698C4321F11A7900AF6468 /* BookDetailViewController.swift in Sources */ = {isa = PBXBuildFile; fileRef = BB698C4221F11A7900AF6468 /* BookDetailViewController.swift */; };
		BB698C4621F11A7900AF6468 /* Main.storyboard in Resources */ = {isa = PBXBuildFile; fileRef = BB698C4421F11A7900AF6468 /* Main.storyboard */; };
		BB698C4821F11A7F00AF6468 /* Assets.xcassets in Resources */ = {isa = PBXBuildFile; fileRef = BB698C4721F11A7F00AF6468 /* Assets.xcassets */; };
		BB698C4B21F11A7F00AF6468 /* LaunchScreen.storyboard in Resources */ = {isa = PBXBuildFile; fileRef = BB698C4921F11A7F00AF6468 /* LaunchScreen.storyboard */; };
		BB698C5321F11AAC00AF6468 /* Book.swift in Sources */ = {isa = PBXBuildFile; fileRef = BB698C5221F11AAC00AF6468 /* Book.swift */; };
		BB698C5521F11AB800AF6468 /* BookController.swift in Sources */ = {isa = PBXBuildFile; fileRef = BB698C5421F11AB800AF6468 /* BookController.swift */; };
		BB698C5921F129FD00AF6468 /* ReadingListTableViewController.swift in Sources */ = {isa = PBXBuildFile; fileRef = BB698C5821F129FD00AF6468 /* ReadingListTableViewController.swift */; };
		BB698C5B21F12A0E00AF6468 /* BookTableViewCell.swift in Sources */ = {isa = PBXBuildFile; fileRef = BB698C5A21F12A0E00AF6468 /* BookTableViewCell.swift */; };
		BB698C5D21F1319300AF6468 /* BookTableViewCellDelegate.swift in Sources */ = {isa = PBXBuildFile; fileRef = BB698C5C21F1319300AF6468 /* BookTableViewCellDelegate.swift */; };
/* End PBXBuildFile section */

/* Begin PBXFileReference section */
		BB698C3D21F11A7900AF6468 /* ReadingList.app */ = {isa = PBXFileReference; explicitFileType = wrapper.application; includeInIndex = 0; path = ReadingList.app; sourceTree = BUILT_PRODUCTS_DIR; };
		BB698C4021F11A7900AF6468 /* AppDelegate.swift */ = {isa = PBXFileReference; lastKnownFileType = sourcecode.swift; path = AppDelegate.swift; sourceTree = "<group>"; };
		BB698C4221F11A7900AF6468 /* BookDetailViewController.swift */ = {isa = PBXFileReference; lastKnownFileType = sourcecode.swift; path = BookDetailViewController.swift; sourceTree = "<group>"; };
		BB698C4521F11A7900AF6468 /* Base */ = {isa = PBXFileReference; lastKnownFileType = file.storyboard; name = Base; path = Base.lproj/Main.storyboard; sourceTree = "<group>"; };
		BB698C4721F11A7F00AF6468 /* Assets.xcassets */ = {isa = PBXFileReference; lastKnownFileType = folder.assetcatalog; path = Assets.xcassets; sourceTree = "<group>"; };
		BB698C4A21F11A7F00AF6468 /* Base */ = {isa = PBXFileReference; lastKnownFileType = file.storyboard; name = Base; path = Base.lproj/LaunchScreen.storyboard; sourceTree = "<group>"; };
		BB698C4C21F11A7F00AF6468 /* Info.plist */ = {isa = PBXFileReference; lastKnownFileType = text.plist.xml; path = Info.plist; sourceTree = "<group>"; };
		BB698C5221F11AAC00AF6468 /* Book.swift */ = {isa = PBXFileReference; lastKnownFileType = sourcecode.swift; path = Book.swift; sourceTree = "<group>"; };
		BB698C5421F11AB800AF6468 /* BookController.swift */ = {isa = PBXFileReference; lastKnownFileType = sourcecode.swift; path = BookController.swift; sourceTree = "<group>"; };
		BB698C5821F129FD00AF6468 /* ReadingListTableViewController.swift */ = {isa = PBXFileReference; lastKnownFileType = sourcecode.swift; path = ReadingListTableViewController.swift; sourceTree = "<group>"; };
		BB698C5A21F12A0E00AF6468 /* BookTableViewCell.swift */ = {isa = PBXFileReference; lastKnownFileType = sourcecode.swift; path = BookTableViewCell.swift; sourceTree = "<group>"; };
		BB698C5C21F1319300AF6468 /* BookTableViewCellDelegate.swift */ = {isa = PBXFileReference; lastKnownFileType = sourcecode.swift; path = BookTableViewCellDelegate.swift; sourceTree = "<group>"; };
/* End PBXFileReference section */

/* Begin PBXFrameworksBuildPhase section */
		BB698C3A21F11A7900AF6468 /* Frameworks */ = {
			isa = PBXFrameworksBuildPhase;
			buildActionMask = 2147483647;
			files = (
			);
			runOnlyForDeploymentPostprocessing = 0;
		};
/* End PBXFrameworksBuildPhase section */

/* Begin PBXGroup section */
		BB698C3421F11A7900AF6468 = {
			isa = PBXGroup;
			children = (
				BB698C3F21F11A7900AF6468 /* ReadingList */,
				BB698C3E21F11A7900AF6468 /* Products */,
			);
			sourceTree = "<group>";
		};
		BB698C3E21F11A7900AF6468 /* Products */ = {
			isa = PBXGroup;
			children = (
				BB698C3D21F11A7900AF6468 /* ReadingList.app */,
			);
			name = Products;
			sourceTree = "<group>";
		};
		BB698C3F21F11A7900AF6468 /* ReadingList */ = {
			isa = PBXGroup;
			children = (
				BB698C4021F11A7900AF6468 /* AppDelegate.swift */,
				BB698C4221F11A7900AF6468 /* BookDetailViewController.swift */,
				BB698C5721F11ADA00AF6468 /* Model Object */,
				BB698C5621F11AC900AF6468 /* Model Controller */,
				BB698C4421F11A7900AF6468 /* Main.storyboard */,
				BB698C5821F129FD00AF6468 /* ReadingListTableViewController.swift */,
				BB698C5A21F12A0E00AF6468 /* BookTableViewCell.swift */,
				BB698C5C21F1319300AF6468 /* BookTableViewCellDelegate.swift */,
				BB698C4721F11A7F00AF6468 /* Assets.xcassets */,
				BB698C4921F11A7F00AF6468 /* LaunchScreen.storyboard */,
				BB698C4C21F11A7F00AF6468 /* Info.plist */,
			);
			path = ReadingList;
			sourceTree = "<group>";
		};
		BB698C5621F11AC900AF6468 /* Model Controller */ = {
			isa = PBXGroup;
			children = (
				BB698C5421F11AB800AF6468 /* BookController.swift */,
			);
			path = "Model Controller";
			sourceTree = "<group>";
		};
		BB698C5721F11ADA00AF6468 /* Model Object */ = {
			isa = PBXGroup;
			children = (
				BB698C5221F11AAC00AF6468 /* Book.swift */,
			);
			path = "Model Object";
			sourceTree = "<group>";
		};
/* End PBXGroup section */

/* Begin PBXNativeTarget section */
		BB698C3C21F11A7900AF6468 /* ReadingList */ = {
			isa = PBXNativeTarget;
			buildConfigurationList = BB698C4F21F11A7F00AF6468 /* Build configuration list for PBXNativeTarget "ReadingList" */;
			buildPhases = (
				BB698C3921F11A7900AF6468 /* Sources */,
				BB698C3A21F11A7900AF6468 /* Frameworks */,
				BB698C3B21F11A7900AF6468 /* Resources */,
			);
			buildRules = (
			);
			dependencies = (
			);
			name = ReadingList;
			productName = ReadingList;
			productReference = BB698C3D21F11A7900AF6468 /* ReadingList.app */;
			productType = "com.apple.product-type.application";
		};
/* End PBXNativeTarget section */

/* Begin PBXProject section */
		BB698C3521F11A7900AF6468 /* Project object */ = {
			isa = PBXProject;
			attributes = {
				LastSwiftUpdateCheck = 1010;
				LastUpgradeCheck = 1010;
				ORGANIZATIONNAME = JS;
				TargetAttributes = {
					BB698C3C21F11A7900AF6468 = {
						CreatedOnToolsVersion = 10.1;
					};
				};
			};
			buildConfigurationList = BB698C3821F11A7900AF6468 /* Build configuration list for PBXProject "ReadingList" */;
			compatibilityVersion = "Xcode 9.3";
			developmentRegion = en;
			hasScannedForEncodings = 0;
			knownRegions = (
				en,
				Base,
			);
			mainGroup = BB698C3421F11A7900AF6468;
			productRefGroup = BB698C3E21F11A7900AF6468 /* Products */;
			projectDirPath = "";
			projectRoot = "";
			targets = (
				BB698C3C21F11A7900AF6468 /* ReadingList */,
			);
		};
/* End PBXProject section */

/* Begin PBXResourcesBuildPhase section */
		BB698C3B21F11A7900AF6468 /* Resources */ = {
			isa = PBXResourcesBuildPhase;
			buildActionMask = 2147483647;
			files = (
				BB698C4B21F11A7F00AF6468 /* LaunchScreen.storyboard in Resources */,
				BB698C4821F11A7F00AF6468 /* Assets.xcassets in Resources */,
				BB698C4621F11A7900AF6468 /* Main.storyboard in Resources */,
			);
			runOnlyForDeploymentPostprocessing = 0;
		};
/* End PBXResourcesBuildPhase section */

/* Begin PBXSourcesBuildPhase section */
		BB698C3921F11A7900AF6468 /* Sources */ = {
			isa = PBXSourcesBuildPhase;
			buildActionMask = 2147483647;
			files = (
				BB698C4321F11A7900AF6468 /* BookDetailViewController.swift in Sources */,
				BB698C5921F129FD00AF6468 /* ReadingListTableViewController.swift in Sources */,
				BB698C4121F11A7900AF6468 /* AppDelegate.swift in Sources */,
				BB698C5521F11AB800AF6468 /* BookController.swift in Sources */,
				BB698C5B21F12A0E00AF6468 /* BookTableViewCell.swift in Sources */,
				BB698C5D21F1319300AF6468 /* BookTableViewCellDelegate.swift in Sources */,
				BB698C5321F11AAC00AF6468 /* Book.swift in Sources */,
			);
			runOnlyForDeploymentPostprocessing = 0;
		};
/* End PBXSourcesBuildPhase section */

/* Begin PBXVariantGroup section */
		BB698C4421F11A7900AF6468 /* Main.storyboard */ = {
			isa = PBXVariantGroup;
			children = (
				BB698C4521F11A7900AF6468 /* Base */,
			);
			name = Main.storyboard;
			sourceTree = "<group>";
		};
		BB698C4921F11A7F00AF6468 /* LaunchScreen.storyboard */ = {
			isa = PBXVariantGroup;
			children = (
				BB698C4A21F11A7F00AF6468 /* Base */,
			);
			name = LaunchScreen.storyboard;
			sourceTree = "<group>";
		};
/* End PBXVariantGroup section */

/* Begin XCBuildConfiguration section */
		BB698C4D21F11A7F00AF6468 /* Debug */ = {
			isa = XCBuildConfiguration;
			buildSettings = {
				ALWAYS_SEARCH_USER_PATHS = NO;
				CLANG_ANALYZER_NONNULL = YES;
				CLANG_ANALYZER_NUMBER_OBJECT_CONVERSION = YES_AGGRESSIVE;
				CLANG_CXX_LANGUAGE_STANDARD = "gnu++14";
				CLANG_CXX_LIBRARY = "libc++";
				CLANG_ENABLE_MODULES = YES;
				CLANG_ENABLE_OBJC_ARC = YES;
				CLANG_ENABLE_OBJC_WEAK = YES;
				CLANG_WARN_BLOCK_CAPTURE_AUTORELEASING = YES;
				CLANG_WARN_BOOL_CONVERSION = YES;
				CLANG_WARN_COMMA = YES;
				CLANG_WARN_CONSTANT_CONVERSION = YES;
				CLANG_WARN_DEPRECATED_OBJC_IMPLEMENTATIONS = YES;
				CLANG_WARN_DIRECT_OBJC_ISA_USAGE = YES_ERROR;
				CLANG_WARN_DOCUMENTATION_COMMENTS = YES;
				CLANG_WARN_EMPTY_BODY = YES;
				CLANG_WARN_ENUM_CONVERSION = YES;
				CLANG_WARN_INFINITE_RECURSION = YES;
				CLANG_WARN_INT_CONVERSION = YES;
				CLANG_WARN_NON_LITERAL_NULL_CONVERSION = YES;
				CLANG_WARN_OBJC_IMPLICIT_RETAIN_SELF = YES;
				CLANG_WARN_OBJC_LITERAL_CONVERSION = YES;
				CLANG_WARN_OBJC_ROOT_CLASS = YES_ERROR;
				CLANG_WARN_RANGE_LOOP_ANALYSIS = YES;
				CLANG_WARN_STRICT_PROTOTYPES = YES;
				CLANG_WARN_SUSPICIOUS_MOVE = YES;
				CLANG_WARN_UNGUARDED_AVAILABILITY = YES_AGGRESSIVE;
				CLANG_WARN_UNREACHABLE_CODE = YES;
				CLANG_WARN__DUPLICATE_METHOD_MATCH = YES;
				CODE_SIGN_IDENTITY = "iPhone Developer";
				COPY_PHASE_STRIP = NO;
				DEBUG_INFORMATION_FORMAT = dwarf;
				ENABLE_STRICT_OBJC_MSGSEND = YES;
				ENABLE_TESTABILITY = YES;
				GCC_C_LANGUAGE_STANDARD = gnu11;
				GCC_DYNAMIC_NO_PIC = NO;
				GCC_NO_COMMON_BLOCKS = YES;
				GCC_OPTIMIZATION_LEVEL = 0;
				GCC_PREPROCESSOR_DEFINITIONS = (
					"DEBUG=1",
					"$(inherited)",
				);
				GCC_WARN_64_TO_32_BIT_CONVERSION = YES;
				GCC_WARN_ABOUT_RETURN_TYPE = YES_ERROR;
				GCC_WARN_UNDECLARED_SELECTOR = YES;
				GCC_WARN_UNINITIALIZED_AUTOS = YES_AGGRESSIVE;
				GCC_WARN_UNUSED_FUNCTION = YES;
				GCC_WARN_UNUSED_VARIABLE = YES;
				IPHONEOS_DEPLOYMENT_TARGET = 12.1;
				MTL_ENABLE_DEBUG_INFO = INCLUDE_SOURCE;
				MTL_FAST_MATH = YES;
				ONLY_ACTIVE_ARCH = YES;
				SDKROOT = iphoneos;
				SWIFT_ACTIVE_COMPILATION_CONDITIONS = DEBUG;
				SWIFT_OPTIMIZATION_LEVEL = "-Onone";
			};
			name = Debug;
		};
		BB698C4E21F11A7F00AF6468 /* Release */ = {
			isa = XCBuildConfiguration;
			buildSettings = {
				ALWAYS_SEARCH_USER_PATHS = NO;
				CLANG_ANALYZER_NONNULL = YES;
				CLANG_ANALYZER_NUMBER_OBJECT_CONVERSION = YES_AGGRESSIVE;
				CLANG_CXX_LANGUAGE_STANDARD = "gnu++14";
				CLANG_CXX_LIBRARY = "libc++";
				CLANG_ENABLE_MODULES = YES;
				CLANG_ENABLE_OBJC_ARC = YES;
				CLANG_ENABLE_OBJC_WEAK = YES;
				CLANG_WARN_BLOCK_CAPTURE_AUTORELEASING = YES;
				CLANG_WARN_BOOL_CONVERSION = YES;
				CLANG_WARN_COMMA = YES;
				CLANG_WARN_CONSTANT_CONVERSION = YES;
				CLANG_WARN_DEPRECATED_OBJC_IMPLEMENTATIONS = YES;
				CLANG_WARN_DIRECT_OBJC_ISA_USAGE = YES_ERROR;
				CLANG_WARN_DOCUMENTATION_COMMENTS = YES;
				CLANG_WARN_EMPTY_BODY = YES;
				CLANG_WARN_ENUM_CONVERSION = YES;
				CLANG_WARN_INFINITE_RECURSION = YES;
				CLANG_WARN_INT_CONVERSION = YES;
				CLANG_WARN_NON_LITERAL_NULL_CONVERSION = YES;
				CLANG_WARN_OBJC_IMPLICIT_RETAIN_SELF = YES;
				CLANG_WARN_OBJC_LITERAL_CONVERSION = YES;
				CLANG_WARN_OBJC_ROOT_CLASS = YES_ERROR;
				CLANG_WARN_RANGE_LOOP_ANALYSIS = YES;
				CLANG_WARN_STRICT_PROTOTYPES = YES;
				CLANG_WARN_SUSPICIOUS_MOVE = YES;
				CLANG_WARN_UNGUARDED_AVAILABILITY = YES_AGGRESSIVE;
				CLANG_WARN_UNREACHABLE_CODE = YES;
				CLANG_WARN__DUPLICATE_METHOD_MATCH = YES;
				CODE_SIGN_IDENTITY = "iPhone Developer";
				COPY_PHASE_STRIP = NO;
				DEBUG_INFORMATION_FORMAT = "dwarf-with-dsym";
				ENABLE_NS_ASSERTIONS = NO;
				ENABLE_STRICT_OBJC_MSGSEND = YES;
				GCC_C_LANGUAGE_STANDARD = gnu11;
				GCC_NO_COMMON_BLOCKS = YES;
				GCC_WARN_64_TO_32_BIT_CONVERSION = YES;
				GCC_WARN_ABOUT_RETURN_TYPE = YES_ERROR;
				GCC_WARN_UNDECLARED_SELECTOR = YES;
				GCC_WARN_UNINITIALIZED_AUTOS = YES_AGGRESSIVE;
				GCC_WARN_UNUSED_FUNCTION = YES;
				GCC_WARN_UNUSED_VARIABLE = YES;
				IPHONEOS_DEPLOYMENT_TARGET = 12.1;
				MTL_ENABLE_DEBUG_INFO = NO;
				MTL_FAST_MATH = YES;
				SDKROOT = iphoneos;
				SWIFT_COMPILATION_MODE = wholemodule;
				SWIFT_OPTIMIZATION_LEVEL = "-O";
				VALIDATE_PRODUCT = YES;
			};
			name = Release;
		};
		BB698C5021F11A7F00AF6468 /* Debug */ = {
			isa = XCBuildConfiguration;
			buildSettings = {
				ASSETCATALOG_COMPILER_APPICON_NAME = AppIcon;
				CODE_SIGN_STYLE = Automatic;
				DEVELOPMENT_TEAM = 7M33TUA2Z8;
				INFOPLIST_FILE = ReadingList/Info.plist;
				LD_RUNPATH_SEARCH_PATHS = (
					"$(inherited)",
					"@executable_path/Frameworks",
				);
				PRODUCT_BUNDLE_IDENTIFIER = com.JS.ReadingList;
				PRODUCT_NAME = "$(TARGET_NAME)";
				SWIFT_VERSION = 4.2;
				TARGETED_DEVICE_FAMILY = "1,2";
			};
			name = Debug;
		};
		BB698C5121F11A7F00AF6468 /* Release */ = {
			isa = XCBuildConfiguration;
			buildSettings = {
				ASSETCATALOG_COMPILER_APPICON_NAME = AppIcon;
				CODE_SIGN_STYLE = Automatic;
				DEVELOPMENT_TEAM = 7M33TUA2Z8;
				INFOPLIST_FILE = ReadingList/Info.plist;
				LD_RUNPATH_SEARCH_PATHS = (
					"$(inherited)",
					"@executable_path/Frameworks",
				);
				PRODUCT_BUNDLE_IDENTIFIER = com.JS.ReadingList;
				PRODUCT_NAME = "$(TARGET_NAME)";
				SWIFT_VERSION = 4.2;
				TARGETED_DEVICE_FAMILY = "1,2";
			};
			name = Release;
		};
/* End XCBuildConfiguration section */

/* Begin XCConfigurationList section */
		BB698C3821F11A7900AF6468 /* Build configuration list for PBXProject "ReadingList" */ = {
			isa = XCConfigurationList;
			buildConfigurations = (
				BB698C4D21F11A7F00AF6468 /* Debug */,
				BB698C4E21F11A7F00AF6468 /* Release */,
			);
			defaultConfigurationIsVisible = 0;
			defaultConfigurationName = Release;
		};
		BB698C4F21F11A7F00AF6468 /* Build configuration list for PBXNativeTarget "ReadingList" */ = {
			isa = XCConfigurationList;
			buildConfigurations = (
				BB698C5021F11A7F00AF6468 /* Debug */,
				BB698C5121F11A7F00AF6468 /* Release */,
			);
			defaultConfigurationIsVisible = 0;
			defaultConfigurationName = Release;
		};
/* End XCConfigurationList section */
	};
	rootObject = BB698C3521F11A7900AF6468 /* Project object */;
}
